
Microsoft Visual Studio Solution File, Format Version 12.00
# Visual Studio Version 16
VisualStudioVersion = 16.0.31321.278
MinimumVisualStudioVersion = 10.0.40219.1
Project("{9A19103F-16F7-4668-BE54-9A1E7A4F7556}") = "UsaPopulation.WebApi", "UsaPopulation.WebApi\UsaPopulation.WebApi.csproj", "{73261334-A5B4-4A44-BE34-833D1B213F3C}"
EndProject
Project("{FAE04EC0-301F-11D3-BF4B-00C04F79EFBC}") = "UsaPopulation.Domain", "UsaPopulation.Domain\UsaPopulation.Domain.csproj", "{2A7A3CDD-AE92-4FB3-8373-9C43D86FADDE}"
EndProject
Project("{FAE04EC0-301F-11D3-BF4B-00C04F79EFBC}") = "UsaPopulation.Data", "UsaPopulation.Data\UsaPopulation.Data.csproj", "{53C9E070-9BF1-4BE5-8A45-4C7C3C259A01}"
EndProject
Global
	GlobalSection(SolutionConfigurationPlatforms) = preSolution
		Debug|Any CPU = Debug|Any CPU
		Release|Any CPU = Release|Any CPU
	EndGlobalSection
	GlobalSection(ProjectConfigurationPlatforms) = postSolution
		{73261334-A5B4-4A44-BE34-833D1B213F3C}.Debug|Any CPU.ActiveCfg = Debug|Any CPU
		{73261334-A5B4-4A44-BE34-833D1B213F3C}.Debug|Any CPU.Build.0 = Debug|Any CPU
		{73261334-A5B4-4A44-BE34-833D1B213F3C}.Release|Any CPU.ActiveCfg = Release|Any CPU
		{73261334-A5B4-4A44-BE34-833D1B213F3C}.Release|Any CPU.Build.0 = Release|Any CPU
		{2A7A3CDD-AE92-4FB3-8373-9C43D86FADDE}.Debug|Any CPU.ActiveCfg = Debug|Any CPU
		{2A7A3CDD-AE92-4FB3-8373-9C43D86FADDE}.Debug|Any CPU.Build.0 = Debug|Any CPU
		{2A7A3CDD-AE92-4FB3-8373-9C43D86FADDE}.Release|Any CPU.ActiveCfg = Release|Any CPU
		{2A7A3CDD-AE92-4FB3-8373-9C43D86FADDE}.Release|Any CPU.Build.0 = Release|Any CPU
		{53C9E070-9BF1-4BE5-8A45-4C7C3C259A01}.Debug|Any CPU.ActiveCfg = Debug|Any CPU
		{53C9E070-9BF1-4BE5-8A45-4C7C3C259A01}.Debug|Any CPU.Build.0 = Debug|Any CPU
		{53C9E070-9BF1-4BE5-8A45-4C7C3C259A01}.Release|Any CPU.ActiveCfg = Release|Any CPU
		{53C9E070-9BF1-4BE5-8A45-4C7C3C259A01}.Release|Any CPU.Build.0 = Release|Any CPU
	EndGlobalSection
	GlobalSection(SolutionProperties) = preSolution
		HideSolutionNode = FALSE
	EndGlobalSection
	GlobalSection(ExtensibilityGlobals) = postSolution
		SolutionGuid = {FD531599-4485-4212-83DC-63E130DA1032}
	EndGlobalSection
EndGlobal
